
Microsoft Visual Studio Solution File, Format Version 12.00
# Visual Studio Version 17
VisualStudioVersion = 17.11.35208.52
MinimumVisualStudioVersion = 10.0.40219.1
Project("{FAE04EC0-301F-11D3-BF4B-00C04F79EFBC}") = "Ejemplo1", "Ejemplo1\Ejemplo1.csproj", "{B79C6DD3-ED85-4CED-A8CD-5C76FFAFC82E}"
EndProject
Project("{FAE04EC0-301F-11D3-BF4B-00C04F79EFBC}") = "EjemploVenta", "EjemploVenta\EjemploVenta.csproj", "{643E97C6-D079-44D8-9BFD-644EA35B31DE}"
EndProject
Project("{FAE04EC0-301F-11D3-BF4B-00C04F79EFBC}") = "Herencia", "Herencia\Herencia.csproj", "{0425AD57-7022-41E5-AA24-620CD6512034}"
EndProject
Project("{FAE04EC0-301F-11D3-BF4B-00C04F79EFBC}") = "Interfaz", "Interfaz\Interfaz.csproj", "{60C8E52F-1010-40F9-A1DF-6BEA98F05490}"
EndProject
Global
	GlobalSection(SolutionConfigurationPlatforms) = preSolution
		Debug|Any CPU = Debug|Any CPU
		Release|Any CPU = Release|Any CPU
	EndGlobalSection
	GlobalSection(ProjectConfigurationPlatforms) = postSolution
		{B79C6DD3-ED85-4CED-A8CD-5C76FFAFC82E}.Debug|Any CPU.ActiveCfg = Debug|Any CPU
		{B79C6DD3-ED85-4CED-A8CD-5C76FFAFC82E}.Debug|Any CPU.Build.0 = Debug|Any CPU
		{B79C6DD3-ED85-4CED-A8CD-5C76FFAFC82E}.Release|Any CPU.ActiveCfg = Release|Any CPU
		{B79C6DD3-ED85-4CED-A8CD-5C76FFAFC82E}.Release|Any CPU.Build.0 = Release|Any CPU
		{643E97C6-D079-44D8-9BFD-644EA35B31DE}.Debug|Any CPU.ActiveCfg = Debug|Any CPU
		{643E97C6-D079-44D8-9BFD-644EA35B31DE}.Debug|Any CPU.Build.0 = Debug|Any CPU
		{643E97C6-D079-44D8-9BFD-644EA35B31DE}.Release|Any CPU.ActiveCfg = Release|Any CPU
		{643E97C6-D079-44D8-9BFD-644EA35B31DE}.Release|Any CPU.Build.0 = Release|Any CPU
		{0425AD57-7022-41E5-AA24-620CD6512034}.Debug|Any CPU.ActiveCfg = Debug|Any CPU
		{0425AD57-7022-41E5-AA24-620CD6512034}.Debug|Any CPU.Build.0 = Debug|Any CPU
		{0425AD57-7022-41E5-AA24-620CD6512034}.Release|Any CPU.ActiveCfg = Release|Any CPU
		{0425AD57-7022-41E5-AA24-620CD6512034}.Release|Any CPU.Build.0 = Release|Any CPU
		{60C8E52F-1010-40F9-A1DF-6BEA98F05490}.Debug|Any CPU.ActiveCfg = Debug|Any CPU
		{60C8E52F-1010-40F9-A1DF-6BEA98F05490}.Debug|Any CPU.Build.0 = Debug|Any CPU
		{60C8E52F-1010-40F9-A1DF-6BEA98F05490}.Release|Any CPU.ActiveCfg = Release|Any CPU
		{60C8E52F-1010-40F9-A1DF-6BEA98F05490}.Release|Any CPU.Build.0 = Release|Any CPU
	EndGlobalSection
	GlobalSection(SolutionProperties) = preSolution
		HideSolutionNode = FALSE
	EndGlobalSection
	GlobalSection(ExtensibilityGlobals) = postSolution
		SolutionGuid = {A3E774DB-4150-4A72-BAC5-2CECBCCBF161}
	EndGlobalSection
EndGlobal
